// !$*UTF8*$!
{
	archiveVersion = 1;
	classes = {
	};
	objectVersion = 77;
	objects = {

/* Begin PBXContainerItemProxy section */
		E623741F2CFFE1910067CDD4 /* PBXContainerItemProxy */ = {
			isa = PBXContainerItemProxy;
			containerPortal = E62374052CFFE1900067CDD4 /* Project object */;
			proxyType = 1;
			remoteGlobalIDString = E623740C2CFFE1900067CDD4;
			remoteInfo = QuestCodeModInstaller;
		};
		E62374292CFFE1910067CDD4 /* PBXContainerItemProxy */ = {
			isa = PBXContainerItemProxy;
			containerPortal = E62374052CFFE1900067CDD4 /* Project object */;
			proxyType = 1;
			remoteGlobalIDString = E623740C2CFFE1900067CDD4;
			remoteInfo = QuestCodeModInstaller;
		};
/* End PBXContainerItemProxy section */

/* Begin PBXFileReference section */
		E623740D2CFFE1900067CDD4 /* QuestCodeModInstaller.app */ = {isa = PBXFileReference; explicitFileType = wrapper.application; includeInIndex = 0; path = QuestCodeModInstaller.app; sourceTree = BUILT_PRODUCTS_DIR; };
		E623741E2CFFE1910067CDD4 /* QuestCodeModInstallerTests.xctest */ = {isa = PBXFileReference; explicitFileType = wrapper.cfbundle; includeInIndex = 0; path = QuestCodeModInstallerTests.xctest; sourceTree = BUILT_PRODUCTS_DIR; };
		E62374282CFFE1910067CDD4 /* QuestCodeModInstallerUITests.xctest */ = {isa = PBXFileReference; explicitFileType = wrapper.cfbundle; includeInIndex = 0; path = QuestCodeModInstallerUITests.xctest; sourceTree = BUILT_PRODUCTS_DIR; };
/* End PBXFileReference section */

/* Begin PBXFileSystemSynchronizedRootGroup section */
		E623740F2CFFE1900067CDD4 /* QuestCodeModInstaller */ = {
			isa = PBXFileSystemSynchronizedRootGroup;
			path = QuestCodeModInstaller;
			sourceTree = "<group>";
		};
		E62374212CFFE1910067CDD4 /* QuestCodeModInstallerTests */ = {
			isa = PBXFileSystemSynchronizedRootGroup;
			path = QuestCodeModInstallerTests;
			sourceTree = "<group>";
		};
		E623742B2CFFE1910067CDD4 /* QuestCodeModInstallerUITests */ = {
			isa = PBXFileSystemSynchronizedRootGroup;
			path = QuestCodeModInstallerUITests;
			sourceTree = "<group>";
		};
/* End PBXFileSystemSynchronizedRootGroup section */

/* Begin PBXFrameworksBuildPhase section */
		E623740A2CFFE1900067CDD4 /* Frameworks */ = {
			isa = PBXFrameworksBuildPhase;
			buildActionMask = 2147483647;
			files = (
			);
			runOnlyForDeploymentPostprocessing = 0;
		};
		E623741B2CFFE1910067CDD4 /* Frameworks */ = {
			isa = PBXFrameworksBuildPhase;
			buildActionMask = 2147483647;
			files = (
			);
			runOnlyForDeploymentPostprocessing = 0;
		};
		E62374252CFFE1910067CDD4 /* Frameworks */ = {
			isa = PBXFrameworksBuildPhase;
			buildActionMask = 2147483647;
			files = (
			);
			runOnlyForDeploymentPostprocessing = 0;
		};
/* End PBXFrameworksBuildPhase section */

/* Begin PBXGroup section */
		E62374042CFFE18F0067CDD4 = {
			isa = PBXGroup;
			children = (
				E623740F2CFFE1900067CDD4 /* QuestCodeModInstaller */,
				E62374212CFFE1910067CDD4 /* QuestCodeModInstallerTests */,
				E623742B2CFFE1910067CDD4 /* QuestCodeModInstallerUITests */,
				E623740E2CFFE1900067CDD4 /* Products */,
			);
			sourceTree = "<group>";
		};
		E623740E2CFFE1900067CDD4 /* Products */ = {
			isa = PBXGroup;
			children = (
				E623740D2CFFE1900067CDD4 /* QuestCodeModInstaller.app */,
				E623741E2CFFE1910067CDD4 /* QuestCodeModInstallerTests.xctest */,
				E62374282CFFE1910067CDD4 /* QuestCodeModInstallerUITests.xctest */,
			);
			name = Products;
			sourceTree = "<group>";
		};
/* End PBXGroup section */

/* Begin PBXNativeTarget section */
		E623740C2CFFE1900067CDD4 /* QuestCodeModInstaller */ = {
			isa = PBXNativeTarget;
			buildConfigurationList = E62374322CFFE1910067CDD4 /* Build configuration list for PBXNativeTarget "QuestCodeModInstaller" */;
			buildPhases = (
				E62374092CFFE1900067CDD4 /* Sources */,
				E623740A2CFFE1900067CDD4 /* Frameworks */,
				E623740B2CFFE1900067CDD4 /* Resources */,
			);
			buildRules = (
			);
			dependencies = (
			);
			fileSystemSynchronizedGroups = (
				E623740F2CFFE1900067CDD4 /* QuestCodeModInstaller */,
			);
			name = QuestCodeModInstaller;
			packageProductDependencies = (
			);
			productName = QuestCodeModInstaller;
			productReference = E623740D2CFFE1900067CDD4 /* QuestCodeModInstaller.app */;
			productType = "com.apple.product-type.application";
		};
		E623741D2CFFE1910067CDD4 /* QuestCodeModInstallerTests */ = {
			isa = PBXNativeTarget;
			buildConfigurationList = E62374352CFFE1910067CDD4 /* Build configuration list for PBXNativeTarget "QuestCodeModInstallerTests" */;
			buildPhases = (
				E623741A2CFFE1910067CDD4 /* Sources */,
				E623741B2CFFE1910067CDD4 /* Frameworks */,
				E623741C2CFFE1910067CDD4 /* Resources */,
			);
			buildRules = (
			);
			dependencies = (
				E62374202CFFE1910067CDD4 /* PBXTargetDependency */,
			);
			fileSystemSynchronizedGroups = (
				E62374212CFFE1910067CDD4 /* QuestCodeModInstallerTests */,
			);
			name = QuestCodeModInstallerTests;
			packageProductDependencies = (
			);
			productName = QuestCodeModInstallerTests;
			productReference = E623741E2CFFE1910067CDD4 /* QuestCodeModInstallerTests.xctest */;
			productType = "com.apple.product-type.bundle.unit-test";
		};
		E62374272CFFE1910067CDD4 /* QuestCodeModInstallerUITests */ = {
			isa = PBXNativeTarget;
			buildConfigurationList = E62374382CFFE1910067CDD4 /* Build configuration list for PBXNativeTarget "QuestCodeModInstallerUITests" */;
			buildPhases = (
				E62374242CFFE1910067CDD4 /* Sources */,
				E62374252CFFE1910067CDD4 /* Frameworks */,
				E62374262CFFE1910067CDD4 /* Resources */,
			);
			buildRules = (
			);
			dependencies = (
				E623742A2CFFE1910067CDD4 /* PBXTargetDependency */,
			);
			fileSystemSynchronizedGroups = (
				E623742B2CFFE1910067CDD4 /* QuestCodeModInstallerUITests */,
			);
			name = QuestCodeModInstallerUITests;
			packageProductDependencies = (
			);
			productName = QuestCodeModInstallerUITests;
			productReference = E62374282CFFE1910067CDD4 /* QuestCodeModInstallerUITests.xctest */;
			productType = "com.apple.product-type.bundle.ui-testing";
		};
/* End PBXNativeTarget section */

/* Begin PBXProject section */
		E62374052CFFE1900067CDD4 /* Project object */ = {
			isa = PBXProject;
			attributes = {
				BuildIndependentTargetsInParallel = 1;
				LastSwiftUpdateCheck = 1610;
				LastUpgradeCheck = 1610;
				TargetAttributes = {
					E623740C2CFFE1900067CDD4 = {
						CreatedOnToolsVersion = 16.1;
					};
					E623741D2CFFE1910067CDD4 = {
						CreatedOnToolsVersion = 16.1;
						TestTargetID = E623740C2CFFE1900067CDD4;
					};
					E62374272CFFE1910067CDD4 = {
						CreatedOnToolsVersion = 16.1;
						TestTargetID = E623740C2CFFE1900067CDD4;
					};
				};
			};
			buildConfigurationList = E62374082CFFE1900067CDD4 /* Build configuration list for PBXProject "QuestCodeModInstaller" */;
			developmentRegion = en;
			hasScannedForEncodings = 0;
			knownRegions = (
				en,
				Base,
			);
			mainGroup = E62374042CFFE18F0067CDD4;
			minimizedProjectReferenceProxies = 1;
			preferredProjectObjectVersion = 77;
			productRefGroup = E623740E2CFFE1900067CDD4 /* Products */;
			projectDirPath = "";
			projectRoot = "";
			targets = (
				E623740C2CFFE1900067CDD4 /* QuestCodeModInstaller */,
				E623741D2CFFE1910067CDD4 /* QuestCodeModInstallerTests */,
				E62374272CFFE1910067CDD4 /* QuestCodeModInstallerUITests */,
			);
		};
/* End PBXProject section */

/* Begin PBXResourcesBuildPhase section */
		E623740B2CFFE1900067CDD4 /* Resources */ = {
			isa = PBXResourcesBuildPhase;
			buildActionMask = 2147483647;
			files = (
			);
			runOnlyForDeploymentPostprocessing = 0;
		};
		E623741C2CFFE1910067CDD4 /* Resources */ = {
			isa = PBXResourcesBuildPhase;
			buildActionMask = 2147483647;
			files = (
			);
			runOnlyForDeploymentPostprocessing = 0;
		};
		E62374262CFFE1910067CDD4 /* Resources */ = {
			isa = PBXResourcesBuildPhase;
			buildActionMask = 2147483647;
			files = (
			);
			runOnlyForDeploymentPostprocessing = 0;
		};
/* End PBXResourcesBuildPhase section */

/* Begin PBXSourcesBuildPhase section */
		E62374092CFFE1900067CDD4 /* Sources */ = {
			isa = PBXSourcesBuildPhase;
			buildActionMask = 2147483647;
			files = (
			);
			runOnlyForDeploymentPostprocessing = 0;
		};
		E623741A2CFFE1910067CDD4 /* Sources */ = {
			isa = PBXSourcesBuildPhase;
			buildActionMask = 2147483647;
			files = (
			);
			runOnlyForDeploymentPostprocessing = 0;
		};
		E62374242CFFE1910067CDD4 /* Sources */ = {
			isa = PBXSourcesBuildPhase;
			buildActionMask = 2147483647;
			files = (
			);
			runOnlyForDeploymentPostprocessing = 0;
		};
/* End PBXSourcesBuildPhase section */

/* Begin PBXTargetDependency section */
		E62374202CFFE1910067CDD4 /* PBXTargetDependency */ = {
			isa = PBXTargetDependency;
			target = E623740C2CFFE1900067CDD4 /* QuestCodeModInstaller */;
			targetProxy = E623741F2CFFE1910067CDD4 /* PBXContainerItemProxy */;
		};
		E623742A2CFFE1910067CDD4 /* PBXTargetDependency */ = {
			isa = PBXTargetDependency;
			target = E623740C2CFFE1900067CDD4 /* QuestCodeModInstaller */;
			targetProxy = E62374292CFFE1910067CDD4 /* PBXContainerItemProxy */;
		};
/* End PBXTargetDependency section */

/* Begin XCBuildConfiguration section */
		E62374302CFFE1910067CDD4 /* Debug */ = {
			isa = XCBuildConfiguration;
			buildSettings = {
				ALWAYS_SEARCH_USER_PATHS = NO;
				ASSETCATALOG_COMPILER_GENERATE_SWIFT_ASSET_SYMBOL_EXTENSIONS = YES;
				CLANG_ANALYZER_NONNULL = YES;
				CLANG_ANALYZER_NUMBER_OBJECT_CONVERSION = YES_AGGRESSIVE;
				CLANG_CXX_LANGUAGE_STANDARD = "gnu++20";
				CLANG_ENABLE_MODULES = YES;
				CLANG_ENABLE_OBJC_ARC = YES;
				CLANG_ENABLE_OBJC_WEAK = YES;
				CLANG_WARN_BLOCK_CAPTURE_AUTORELEASING = YES;
				CLANG_WARN_BOOL_CONVERSION = YES;
				CLANG_WARN_COMMA = YES;
				CLANG_WARN_CONSTANT_CONVERSION = YES;
				CLANG_WARN_DEPRECATED_OBJC_IMPLEMENTATIONS = YES;
				CLANG_WARN_DIRECT_OBJC_ISA_USAGE = YES_ERROR;
				CLANG_WARN_DOCUMENTATION_COMMENTS = YES;
				CLANG_WARN_EMPTY_BODY = YES;
				CLANG_WARN_ENUM_CONVERSION = YES;
				CLANG_WARN_INFINITE_RECURSION = YES;
				CLANG_WARN_INT_CONVERSION = YES;
				CLANG_WARN_NON_LITERAL_NULL_CONVERSION = YES;
				CLANG_WARN_OBJC_IMPLICIT_RETAIN_SELF = YES;
				CLANG_WARN_OBJC_LITERAL_CONVERSION = YES;
				CLANG_WARN_OBJC_ROOT_CLASS = YES_ERROR;
				CLANG_WARN_QUOTED_INCLUDE_IN_FRAMEWORK_HEADER = YES;
				CLANG_WARN_RANGE_LOOP_ANALYSIS = YES;
				CLANG_WARN_STRICT_PROTOTYPES = YES;
				CLANG_WARN_SUSPICIOUS_MOVE = YES;
				CLANG_WARN_UNGUARDED_AVAILABILITY = YES_AGGRESSIVE;
				CLANG_WARN_UNREACHABLE_CODE = YES;
				CLANG_WARN__DUPLICATE_METHOD_MATCH = YES;
				COPY_PHASE_STRIP = NO;
				DEBUG_INFORMATION_FORMAT = dwarf;
				ENABLE_STRICT_OBJC_MSGSEND = YES;
				ENABLE_TESTABILITY = YES;
				ENABLE_USER_SCRIPT_SANDBOXING = YES;
				GCC_C_LANGUAGE_STANDARD = gnu17;
				GCC_DYNAMIC_NO_PIC = NO;
				GCC_NO_COMMON_BLOCKS = YES;
				GCC_OPTIMIZATION_LEVEL = 0;
				GCC_PREPROCESSOR_DEFINITIONS = (
					"DEBUG=1",
					"$(inherited)",
				);
				GCC_WARN_64_TO_32_BIT_CONVERSION = YES;
				GCC_WARN_ABOUT_RETURN_TYPE = YES_ERROR;
				GCC_WARN_UNDECLARED_SELECTOR = YES;
				GCC_WARN_UNINITIALIZED_AUTOS = YES_AGGRESSIVE;
				GCC_WARN_UNUSED_FUNCTION = YES;
				GCC_WARN_UNUSED_VARIABLE = YES;
				LOCALIZATION_PREFERS_STRING_CATALOGS = YES;
				MACOSX_DEPLOYMENT_TARGET = 15.1;
				MTL_ENABLE_DEBUG_INFO = INCLUDE_SOURCE;
				MTL_FAST_MATH = YES;
				ONLY_ACTIVE_ARCH = YES;
				SDKROOT = macosx;
				SWIFT_ACTIVE_COMPILATION_CONDITIONS = "DEBUG $(inherited)";
				SWIFT_OPTIMIZATION_LEVEL = "-Onone";
			};
			name = Debug;
		};
		E62374312CFFE1910067CDD4 /* Release */ = {
			isa = XCBuildConfiguration;
			buildSettings = {
				ALWAYS_SEARCH_USER_PATHS = NO;
				ASSETCATALOG_COMPILER_GENERATE_SWIFT_ASSET_SYMBOL_EXTENSIONS = YES;
				CLANG_ANALYZER_NONNULL = YES;
				CLANG_ANALYZER_NUMBER_OBJECT_CONVERSION = YES_AGGRESSIVE;
				CLANG_CXX_LANGUAGE_STANDARD = "gnu++20";
				CLANG_ENABLE_MODULES = YES;
				CLANG_ENABLE_OBJC_ARC = YES;
				CLANG_ENABLE_OBJC_WEAK = YES;
				CLANG_WARN_BLOCK_CAPTURE_AUTORELEASING = YES;
				CLANG_WARN_BOOL_CONVERSION = YES;
				CLANG_WARN_COMMA = YES;
				CLANG_WARN_CONSTANT_CONVERSION = YES;
				CLANG_WARN_DEPRECATED_OBJC_IMPLEMENTATIONS = YES;
				CLANG_WARN_DIRECT_OBJC_ISA_USAGE = YES_ERROR;
				CLANG_WARN_DOCUMENTATION_COMMENTS = YES;
				CLANG_WARN_EMPTY_BODY = YES;
				CLANG_WARN_ENUM_CONVERSION = YES;
				CLANG_WARN_INFINITE_RECURSION = YES;
				CLANG_WARN_INT_CONVERSION = YES;
				CLANG_WARN_NON_LITERAL_NULL_CONVERSION = YES;
				CLANG_WARN_OBJC_IMPLICIT_RETAIN_SELF = YES;
				CLANG_WARN_OBJC_LITERAL_CONVERSION = YES;
				CLANG_WARN_OBJC_ROOT_CLASS = YES_ERROR;
				CLANG_WARN_QUOTED_INCLUDE_IN_FRAMEWORK_HEADER = YES;
				CLANG_WARN_RANGE_LOOP_ANALYSIS = YES;
				CLANG_WARN_STRICT_PROTOTYPES = YES;
				CLANG_WARN_SUSPICIOUS_MOVE = YES;
				CLANG_WARN_UNGUARDED_AVAILABILITY = YES_AGGRESSIVE;
				CLANG_WARN_UNREACHABLE_CODE = YES;
				CLANG_WARN__DUPLICATE_METHOD_MATCH = YES;
				COPY_PHASE_STRIP = NO;
				DEBUG_INFORMATION_FORMAT = "dwarf-with-dsym";
				ENABLE_NS_ASSERTIONS = NO;
				ENABLE_STRICT_OBJC_MSGSEND = YES;
				ENABLE_USER_SCRIPT_SANDBOXING = YES;
				GCC_C_LANGUAGE_STANDARD = gnu17;
				GCC_NO_COMMON_BLOCKS = YES;
				GCC_WARN_64_TO_32_BIT_CONVERSION = YES;
				GCC_WARN_ABOUT_RETURN_TYPE = YES_ERROR;
				GCC_WARN_UNDECLARED_SELECTOR = YES;
				GCC_WARN_UNINITIALIZED_AUTOS = YES_AGGRESSIVE;
				GCC_WARN_UNUSED_FUNCTION = YES;
				GCC_WARN_UNUSED_VARIABLE = YES;
				LOCALIZATION_PREFERS_STRING_CATALOGS = YES;
				MACOSX_DEPLOYMENT_TARGET = 15.1;
				MTL_ENABLE_DEBUG_INFO = NO;
				MTL_FAST_MATH = YES;
				SDKROOT = macosx;
				SWIFT_COMPILATION_MODE = wholemodule;
			};
			name = Release;
		};
		E62374332CFFE1910067CDD4 /* Debug */ = {
			isa = XCBuildConfiguration;
			buildSettings = {
				ASSETCATALOG_COMPILER_APPICON_NAME = AppIcon;
				ASSETCATALOG_COMPILER_GLOBAL_ACCENT_COLOR_NAME = AccentColor;
				CODE_SIGN_ENTITLEMENTS = QuestCodeModInstaller/QuestCodeModInstaller.entitlements;
				CODE_SIGN_STYLE = Automatic;
				COMBINE_HIDPI_IMAGES = YES;
				CURRENT_PROJECT_VERSION = 1;
				DEVELOPMENT_ASSET_PATHS = "\"QuestCodeModInstaller/Preview Content\"";
				DEVELOPMENT_TEAM = 6WXF2A42NU;
				ENABLE_HARDENED_RUNTIME = YES;
				ENABLE_PREVIEWS = YES;
				GENERATE_INFOPLIST_FILE = YES;
				INFOPLIST_KEY_NSHumanReadableCopyright = "";
				LD_RUNPATH_SEARCH_PATHS = (
					"$(inherited)",
					"@executable_path/../Frameworks",
				);
				MARKETING_VERSION = 1.0;
				PRODUCT_BUNDLE_IDENTIFIER = KittenTech.QuestCodeModInstaller;
				PRODUCT_NAME = "$(TARGET_NAME)";
				SWIFT_EMIT_LOC_STRINGS = YES;
				SWIFT_VERSION = 5.0;
			};
			name = Debug;
		};
		E62374342CFFE1910067CDD4 /* Release */ = {
			isa = XCBuildConfiguration;
			buildSettings = {
				ASSETCATALOG_COMPILER_APPICON_NAME = AppIcon;
				ASSETCATALOG_COMPILER_GLOBAL_ACCENT_COLOR_NAME = AccentColor;
				CODE_SIGN_ENTITLEMENTS = QuestCodeModInstaller/QuestCodeModInstaller.entitlements;
				CODE_SIGN_STYLE = Automatic;
				COMBINE_HIDPI_IMAGES = YES;
				CURRENT_PROJECT_VERSION = 1;
				DEVELOPMENT_ASSET_PATHS = "\"QuestCodeModInstaller/Preview Content\"";
				DEVELOPMENT_TEAM = 6WXF2A42NU;
				ENABLE_HARDENED_RUNTIME = YES;
				ENABLE_PREVIEWS = YES;
				GENERATE_INFOPLIST_FILE = YES;
				INFOPLIST_KEY_NSHumanReadableCopyright = "";
				LD_RUNPATH_SEARCH_PATHS = (
					"$(inherited)",
					"@executable_path/../Frameworks",
				);
				MARKETING_VERSION = 1.0;
				PRODUCT_BUNDLE_IDENTIFIER = KittenTech.QuestCodeModInstaller;
				PRODUCT_NAME = "$(TARGET_NAME)";
				SWIFT_EMIT_LOC_STRINGS = YES;
				SWIFT_VERSION = 5.0;
			};
			name = Release;
		};
		E62374362CFFE1910067CDD4 /* Debug */ = {
			isa = XCBuildConfiguration;
			buildSettings = {
				BUNDLE_LOADER = "$(TEST_HOST)";
				CODE_SIGN_STYLE = Automatic;
				CURRENT_PROJECT_VERSION = 1;
				DEVELOPMENT_TEAM = 6WXF2A42NU;
				GENERATE_INFOPLIST_FILE = YES;
				MACOSX_DEPLOYMENT_TARGET = 15.1;
				MARKETING_VERSION = 1.0;
				PRODUCT_BUNDLE_IDENTIFIER = KittenTech.QuestCodeModInstallerTests;
				PRODUCT_NAME = "$(TARGET_NAME)";
				SWIFT_EMIT_LOC_STRINGS = NO;
				SWIFT_VERSION = 5.0;
				TEST_HOST = "$(BUILT_PRODUCTS_DIR)/QuestCodeModInstaller.app/$(BUNDLE_EXECUTABLE_FOLDER_PATH)/QuestCodeModInstaller";
			};
			name = Debug;
		};
		E62374372CFFE1910067CDD4 /* Release */ = {
			isa = XCBuildConfiguration;
			buildSettings = {
				BUNDLE_LOADER = "$(TEST_HOST)";
				CODE_SIGN_STYLE = Automatic;
				CURRENT_PROJECT_VERSION = 1;
				DEVELOPMENT_TEAM = 6WXF2A42NU;
				GENERATE_INFOPLIST_FILE = YES;
				MACOSX_DEPLOYMENT_TARGET = 15.1;
				MARKETING_VERSION = 1.0;
				PRODUCT_BUNDLE_IDENTIFIER = KittenTech.QuestCodeModInstallerTests;
				PRODUCT_NAME = "$(TARGET_NAME)";
				SWIFT_EMIT_LOC_STRINGS = NO;
				SWIFT_VERSION = 5.0;
				TEST_HOST = "$(BUILT_PRODUCTS_DIR)/QuestCodeModInstaller.app/$(BUNDLE_EXECUTABLE_FOLDER_PATH)/QuestCodeModInstaller";
			};
			name = Release;
		};
		E62374392CFFE1910067CDD4 /* Debug */ = {
			isa = XCBuildConfiguration;
			buildSettings = {
				CODE_SIGN_STYLE = Automatic;
				CURRENT_PROJECT_VERSION = 1;
				DEVELOPMENT_TEAM = 6WXF2A42NU;
				GENERATE_INFOPLIST_FILE = YES;
				MARKETING_VERSION = 1.0;
				PRODUCT_BUNDLE_IDENTIFIER = KittenTech.QuestCodeModInstallerUITests;
				PRODUCT_NAME = "$(TARGET_NAME)";
				SWIFT_EMIT_LOC_STRINGS = NO;
				SWIFT_VERSION = 5.0;
				TEST_TARGET_NAME = QuestCodeModInstaller;
			};
			name = Debug;
		};
		E623743A2CFFE1910067CDD4 /* Release */ = {
			isa = XCBuildConfiguration;
			buildSettings = {
				CODE_SIGN_STYLE = Automatic;
				CURRENT_PROJECT_VERSION = 1;
				DEVELOPMENT_TEAM = 6WXF2A42NU;
				GENERATE_INFOPLIST_FILE = YES;
				MARKETING_VERSION = 1.0;
				PRODUCT_BUNDLE_IDENTIFIER = KittenTech.QuestCodeModInstallerUITests;
				PRODUCT_NAME = "$(TARGET_NAME)";
				SWIFT_EMIT_LOC_STRINGS = NO;
				SWIFT_VERSION = 5.0;
				TEST_TARGET_NAME = QuestCodeModInstaller;
			};
			name = Release;
		};
/* End XCBuildConfiguration section */

/* Begin XCConfigurationList section */
		E62374082CFFE1900067CDD4 /* Build configuration list for PBXProject "QuestCodeModInstaller" */ = {
			isa = XCConfigurationList;
			buildConfigurations = (
				E62374302CFFE1910067CDD4 /* Debug */,
				E62374312CFFE1910067CDD4 /* Release */,
			);
			defaultConfigurationIsVisible = 0;
			defaultConfigurationName = Release;
		};
		E62374322CFFE1910067CDD4 /* Build configuration list for PBXNativeTarget "QuestCodeModInstaller" */ = {
			isa = XCConfigurationList;
			buildConfigurations = (
				E62374332CFFE1910067CDD4 /* Debug */,
				E62374342CFFE1910067CDD4 /* Release */,
			);
			defaultConfigurationIsVisible = 0;
			defaultConfigurationName = Release;
		};
		E62374352CFFE1910067CDD4 /* Build configuration list for PBXNativeTarget "QuestCodeModInstallerTests" */ = {
			isa = XCConfigurationList;
			buildConfigurations = (
				E62374362CFFE1910067CDD4 /* Debug */,
				E62374372CFFE1910067CDD4 /* Release */,
			);
			defaultConfigurationIsVisible = 0;
			defaultConfigurationName = Release;
		};
		E62374382CFFE1910067CDD4 /* Build configuration list for PBXNativeTarget "QuestCodeModInstallerUITests" */ = {
			isa = XCConfigurationList;
			buildConfigurations = (
				E62374392CFFE1910067CDD4 /* Debug */,
				E623743A2CFFE1910067CDD4 /* Release */,
			);
			defaultConfigurationIsVisible = 0;
			defaultConfigurationName = Release;
		};
/* End XCConfigurationList section */
	};
	rootObject = E62374052CFFE1900067CDD4 /* Project object */;
}
